
Microsoft Visual Studio Solution File, Format Version 11.00
# Visual Studio 2010
Project("{FAE04EC0-301F-11D3-BF4B-00C04F79EFBC}") = "WebStresser", "WebStresser\WebStresser.csproj", "{F1020FB0-4461-4589-B78C-80854B5B2C51}"
EndProject
Project("{FAE04EC0-301F-11D3-BF4B-00C04F79EFBC}") = "WebStresser.Tests", "WebStresser.Tests\WebStresser.Tests.csproj", "{1D3B0437-BE5A-40EA-9DEE-BDE8395D9852}"
EndProject
Project("{FAE04EC0-301F-11D3-BF4B-00C04F79EFBC}") = "TestTimerService", "TestTimerService\TestTimerService.csproj", "{3059387A-B33C-49B0-9526-B2A5D0A36B01}"
EndProject
Project("{FAE04EC0-301F-11D3-BF4B-00C04F79EFBC}") = "TestHttpHandler", "TestHttpHandler\TestHttpHandler.csproj", "{144EF33E-90D5-41DB-83DC-F9D1B7B62876}"
EndProject
Global
	GlobalSection(SolutionConfigurationPlatforms) = preSolution
		Debug|Any CPU = Debug|Any CPU
		Debug|Mixed Platforms = Debug|Mixed Platforms
		Debug|x86 = Debug|x86
		Release|Any CPU = Release|Any CPU
		Release|Mixed Platforms = Release|Mixed Platforms
		Release|x86 = Release|x86
	EndGlobalSection
	GlobalSection(ProjectConfigurationPlatforms) = postSolution
		{F1020FB0-4461-4589-B78C-80854B5B2C51}.Debug|Any CPU.ActiveCfg = Debug|Any CPU
		{F1020FB0-4461-4589-B78C-80854B5B2C51}.Debug|Any CPU.Build.0 = Debug|Any CPU
		{F1020FB0-4461-4589-B78C-80854B5B2C51}.Debug|Mixed Platforms.ActiveCfg = Debug|Any CPU
		{F1020FB0-4461-4589-B78C-80854B5B2C51}.Debug|Mixed Platforms.Build.0 = Debug|Any CPU
		{F1020FB0-4461-4589-B78C-80854B5B2C51}.Debug|x86.ActiveCfg = Debug|Any CPU
		{F1020FB0-4461-4589-B78C-80854B5B2C51}.Release|Any CPU.ActiveCfg = Release|Any CPU
		{F1020FB0-4461-4589-B78C-80854B5B2C51}.Release|Any CPU.Build.0 = Release|Any CPU
		{F1020FB0-4461-4589-B78C-80854B5B2C51}.Release|Mixed Platforms.ActiveCfg = Release|Any CPU
		{F1020FB0-4461-4589-B78C-80854B5B2C51}.Release|Mixed Platforms.Build.0 = Release|Any CPU
		{F1020FB0-4461-4589-B78C-80854B5B2C51}.Release|x86.ActiveCfg = Release|Any CPU
		{1D3B0437-BE5A-40EA-9DEE-BDE8395D9852}.Debug|Any CPU.ActiveCfg = Debug|Any CPU
		{1D3B0437-BE5A-40EA-9DEE-BDE8395D9852}.Debug|Any CPU.Build.0 = Debug|Any CPU
		{1D3B0437-BE5A-40EA-9DEE-BDE8395D9852}.Debug|Mixed Platforms.ActiveCfg = Debug|Any CPU
		{1D3B0437-BE5A-40EA-9DEE-BDE8395D9852}.Debug|Mixed Platforms.Build.0 = Debug|Any CPU
		{1D3B0437-BE5A-40EA-9DEE-BDE8395D9852}.Debug|x86.ActiveCfg = Debug|Any CPU
		{1D3B0437-BE5A-40EA-9DEE-BDE8395D9852}.Release|Any CPU.ActiveCfg = Release|Any CPU
		{1D3B0437-BE5A-40EA-9DEE-BDE8395D9852}.Release|Any CPU.Build.0 = Release|Any CPU
		{1D3B0437-BE5A-40EA-9DEE-BDE8395D9852}.Release|Mixed Platforms.ActiveCfg = Release|Any CPU
		{1D3B0437-BE5A-40EA-9DEE-BDE8395D9852}.Release|Mixed Platforms.Build.0 = Release|Any CPU
		{1D3B0437-BE5A-40EA-9DEE-BDE8395D9852}.Release|x86.ActiveCfg = Release|Any CPU
		{3059387A-B33C-49B0-9526-B2A5D0A36B01}.Debug|Any CPU.ActiveCfg = Debug|x86
		{3059387A-B33C-49B0-9526-B2A5D0A36B01}.Debug|Mixed Platforms.ActiveCfg = Debug|x86
		{3059387A-B33C-49B0-9526-B2A5D0A36B01}.Debug|Mixed Platforms.Build.0 = Debug|x86
		{3059387A-B33C-49B0-9526-B2A5D0A36B01}.Debug|x86.ActiveCfg = Debug|x86
		{3059387A-B33C-49B0-9526-B2A5D0A36B01}.Debug|x86.Build.0 = Debug|x86
		{3059387A-B33C-49B0-9526-B2A5D0A36B01}.Release|Any CPU.ActiveCfg = Release|x86
		{3059387A-B33C-49B0-9526-B2A5D0A36B01}.Release|Mixed Platforms.ActiveCfg = Release|x86
		{3059387A-B33C-49B0-9526-B2A5D0A36B01}.Release|Mixed Platforms.Build.0 = Release|x86
		{3059387A-B33C-49B0-9526-B2A5D0A36B01}.Release|x86.ActiveCfg = Release|x86
		{3059387A-B33C-49B0-9526-B2A5D0A36B01}.Release|x86.Build.0 = Release|x86
		{144EF33E-90D5-41DB-83DC-F9D1B7B62876}.Debug|Any CPU.ActiveCfg = Debug|Any CPU
		{144EF33E-90D5-41DB-83DC-F9D1B7B62876}.Debug|Any CPU.Build.0 = Debug|Any CPU
		{144EF33E-90D5-41DB-83DC-F9D1B7B62876}.Debug|Mixed Platforms.ActiveCfg = Debug|Any CPU
		{144EF33E-90D5-41DB-83DC-F9D1B7B62876}.Debug|Mixed Platforms.Build.0 = Debug|Any CPU
		{144EF33E-90D5-41DB-83DC-F9D1B7B62876}.Debug|x86.ActiveCfg = Debug|Any CPU
		{144EF33E-90D5-41DB-83DC-F9D1B7B62876}.Release|Any CPU.ActiveCfg = Release|Any CPU
		{144EF33E-90D5-41DB-83DC-F9D1B7B62876}.Release|Any CPU.Build.0 = Release|Any CPU
		{144EF33E-90D5-41DB-83DC-F9D1B7B62876}.Release|Mixed Platforms.ActiveCfg = Release|Any CPU
		{144EF33E-90D5-41DB-83DC-F9D1B7B62876}.Release|Mixed Platforms.Build.0 = Release|Any CPU
		{144EF33E-90D5-41DB-83DC-F9D1B7B62876}.Release|x86.ActiveCfg = Release|Any CPU
	EndGlobalSection
	GlobalSection(SolutionProperties) = preSolution
		HideSolutionNode = FALSE
	EndGlobalSection
EndGlobal
